
Microsoft Visual Studio Solution File, Format Version 12.00
VisualStudioVersion = 18.2.11415.280
MinimumVisualStudioVersion = 10.0.40219.1
Project("{FAE04EC0-301F-11D3-BF4B-00C04F79EFBC}") = "BackupZCrypt.Application", "BackupZCrypt.Application\BackupZCrypt.Application.csproj", "{26CD6445-F026-4284-94A2-A34D37FD8FB3}"
EndProject
Project("{FAE04EC0-301F-11D3-BF4B-00C04F79EFBC}") = "BackupZCrypt.Domain", "BackupZCrypt.Domain\BackupZCrypt.Domain.csproj", "{69491DCD-7FBC-43A5-98C2-1817D35F41ED}"
EndProject
Project("{FAE04EC0-301F-11D3-BF4B-00C04F79EFBC}") = "BackupZCrypt.Infrastructure", "BackupZCrypt.Infrastructure\BackupZCrypt.Infrastructure.csproj", "{C7CC51AB-F92B-426E-952F-A17231E77F9A}"
EndProject
Project("{FAE04EC0-301F-11D3-BF4B-00C04F79EFBC}") = "BackupZCrypt.Composition", "BackupZCrypt.Composition\BackupZCrypt.Composition.csproj", "{9710FF19-2111-400B-A903-AACAD9727EE4}"
EndProject
Project("{FAE04EC0-301F-11D3-BF4B-00C04F79EFBC}") = "BackupZCrypt.Desktop", "BackupZCrypt.Desktop\BackupZCrypt.Desktop.csproj", "{A74FF284-6D7D-478A-BF15-763AFC7CC46F}"
EndProject
Project("{FAE04EC0-301F-11D3-BF4B-00C04F79EFBC}") = "BackupZCrypt.Test", "BackupZCrypt.Test\BackupZCrypt.Test.csproj", "{E924EA17-B9CF-4BED-9B6B-1AFC6D2A0B2B}"
EndProject
Global
	GlobalSection(SolutionConfigurationPlatforms) = preSolution
		Debug|Any CPU = Debug|Any CPU
		Debug|x64 = Debug|x64
		Debug|x86 = Debug|x86
		Release|Any CPU = Release|Any CPU
		Release|x64 = Release|x64
		Release|x86 = Release|x86
	EndGlobalSection
	GlobalSection(ProjectConfigurationPlatforms) = postSolution
		{26CD6445-F026-4284-94A2-A34D37FD8FB3}.Debug|Any CPU.ActiveCfg = Debug|Any CPU
		{26CD6445-F026-4284-94A2-A34D37FD8FB3}.Debug|Any CPU.Build.0 = Debug|Any CPU
		{26CD6445-F026-4284-94A2-A34D37FD8FB3}.Debug|x64.ActiveCfg = Debug|Any CPU
		{26CD6445-F026-4284-94A2-A34D37FD8FB3}.Debug|x64.Build.0 = Debug|Any CPU
		{26CD6445-F026-4284-94A2-A34D37FD8FB3}.Debug|x86.ActiveCfg = Debug|Any CPU
		{26CD6445-F026-4284-94A2-A34D37FD8FB3}.Debug|x86.Build.0 = Debug|Any CPU
		{26CD6445-F026-4284-94A2-A34D37FD8FB3}.Release|Any CPU.ActiveCfg = Release|Any CPU
		{26CD6445-F026-4284-94A2-A34D37FD8FB3}.Release|Any CPU.Build.0 = Release|Any CPU
		{26CD6445-F026-4284-94A2-A34D37FD8FB3}.Release|x64.ActiveCfg = Release|Any CPU
		{26CD6445-F026-4284-94A2-A34D37FD8FB3}.Release|x64.Build.0 = Release|Any CPU
		{26CD6445-F026-4284-94A2-A34D37FD8FB3}.Release|x86.ActiveCfg = Release|Any CPU
		{26CD6445-F026-4284-94A2-A34D37FD8FB3}.Release|x86.Build.0 = Release|Any CPU
		{69491DCD-7FBC-43A5-98C2-1817D35F41ED}.Debug|Any CPU.ActiveCfg = Debug|Any CPU
		{69491DCD-7FBC-43A5-98C2-1817D35F41ED}.Debug|Any CPU.Build.0 = Debug|Any CPU
		{69491DCD-7FBC-43A5-98C2-1817D35F41ED}.Debug|x64.ActiveCfg = Debug|Any CPU
		{69491DCD-7FBC-43A5-98C2-1817D35F41ED}.Debug|x64.Build.0 = Debug|Any CPU
		{69491DCD-7FBC-43A5-98C2-1817D35F41ED}.Debug|x86.ActiveCfg = Debug|Any CPU
		{69491DCD-7FBC-43A5-98C2-1817D35F41ED}.Debug|x86.Build.0 = Debug|Any CPU
		{69491DCD-7FBC-43A5-98C2-1817D35F41ED}.Release|Any CPU.ActiveCfg = Release|Any CPU
		{69491DCD-7FBC-43A5-98C2-1817D35F41ED}.Release|Any CPU.Build.0 = Release|Any CPU
		{69491DCD-7FBC-43A5-98C2-1817D35F41ED}.Release|x64.ActiveCfg = Release|Any CPU
		{69491DCD-7FBC-43A5-98C2-1817D35F41ED}.Release|x64.Build.0 = Release|Any CPU
		{69491DCD-7FBC-43A5-98C2-1817D35F41ED}.Release|x86.ActiveCfg = Release|Any CPU
		{69491DCD-7FBC-43A5-98C2-1817D35F41ED}.Release|x86.Build.0 = Release|Any CPU
		{C7CC51AB-F92B-426E-952F-A17231E77F9A}.Debug|Any CPU.ActiveCfg = Debug|Any CPU
		{C7CC51AB-F92B-426E-952F-A17231E77F9A}.Debug|Any CPU.Build.0 = Debug|Any CPU
		{C7CC51AB-F92B-426E-952F-A17231E77F9A}.Debug|x64.ActiveCfg = Debug|Any CPU
		{C7CC51AB-F92B-426E-952F-A17231E77F9A}.Debug|x64.Build.0 = Debug|Any CPU
		{C7CC51AB-F92B-426E-952F-A17231E77F9A}.Debug|x86.ActiveCfg = Debug|Any CPU
		{C7CC51AB-F92B-426E-952F-A17231E77F9A}.Debug|x86.Build.0 = Debug|Any CPU
		{C7CC51AB-F92B-426E-952F-A17231E77F9A}.Release|Any CPU.ActiveCfg = Release|Any CPU
		{C7CC51AB-F92B-426E-952F-A17231E77F9A}.Release|Any CPU.Build.0 = Release|Any CPU
		{C7CC51AB-F92B-426E-952F-A17231E77F9A}.Release|x64.ActiveCfg = Release|Any CPU
		{C7CC51AB-F92B-426E-952F-A17231E77F9A}.Release|x64.Build.0 = Release|Any CPU
		{C7CC51AB-F92B-426E-952F-A17231E77F9A}.Release|x86.ActiveCfg = Release|Any CPU
		{C7CC51AB-F92B-426E-952F-A17231E77F9A}.Release|x86.Build.0 = Release|Any CPU
		{9710FF19-2111-400B-A903-AACAD9727EE4}.Debug|Any CPU.ActiveCfg = Debug|Any CPU
		{9710FF19-2111-400B-A903-AACAD9727EE4}.Debug|Any CPU.Build.0 = Debug|Any CPU
		{9710FF19-2111-400B-A903-AACAD9727EE4}.Debug|x64.ActiveCfg = Debug|Any CPU
		{9710FF19-2111-400B-A903-AACAD9727EE4}.Debug|x64.Build.0 = Debug|Any CPU
		{9710FF19-2111-400B-A903-AACAD9727EE4}.Debug|x86.ActiveCfg = Debug|Any CPU
		{9710FF19-2111-400B-A903-AACAD9727EE4}.Debug|x86.Build.0 = Debug|Any CPU
		{9710FF19-2111-400B-A903-AACAD9727EE4}.Release|Any CPU.ActiveCfg = Release|Any CPU
		{9710FF19-2111-400B-A903-AACAD9727EE4}.Release|Any CPU.Build.0 = Release|Any CPU
		{9710FF19-2111-400B-A903-AACAD9727EE4}.Release|x64.ActiveCfg = Release|Any CPU
		{9710FF19-2111-400B-A903-AACAD9727EE4}.Release|x64.Build.0 = Release|Any CPU
		{9710FF19-2111-400B-A903-AACAD9727EE4}.Release|x86.ActiveCfg = Release|Any CPU
		{9710FF19-2111-400B-A903-AACAD9727EE4}.Release|x86.Build.0 = Release|Any CPU
		{A74FF284-6D7D-478A-BF15-763AFC7CC46F}.Debug|Any CPU.ActiveCfg = Debug|Any CPU
		{A74FF284-6D7D-478A-BF15-763AFC7CC46F}.Debug|Any CPU.Build.0 = Debug|Any CPU
		{A74FF284-6D7D-478A-BF15-763AFC7CC46F}.Debug|x64.ActiveCfg = Debug|Any CPU
		{A74FF284-6D7D-478A-BF15-763AFC7CC46F}.Debug|x64.Build.0 = Debug|Any CPU
		{A74FF284-6D7D-478A-BF15-763AFC7CC46F}.Debug|x86.ActiveCfg = Debug|Any CPU
		{A74FF284-6D7D-478A-BF15-763AFC7CC46F}.Debug|x86.Build.0 = Debug|Any CPU
		{A74FF284-6D7D-478A-BF15-763AFC7CC46F}.Release|Any CPU.ActiveCfg = Release|Any CPU
		{A74FF284-6D7D-478A-BF15-763AFC7CC46F}.Release|Any CPU.Build.0 = Release|Any CPU
		{A74FF284-6D7D-478A-BF15-763AFC7CC46F}.Release|x64.ActiveCfg = Release|Any CPU
		{A74FF284-6D7D-478A-BF15-763AFC7CC46F}.Release|x64.Build.0 = Release|Any CPU
		{A74FF284-6D7D-478A-BF15-763AFC7CC46F}.Release|x86.ActiveCfg = Release|Any CPU
		{A74FF284-6D7D-478A-BF15-763AFC7CC46F}.Release|x86.Build.0 = Release|Any CPU
		{E924EA17-B9CF-4BED-9B6B-1AFC6D2A0B2B}.Debug|Any CPU.ActiveCfg = Debug|Any CPU
		{E924EA17-B9CF-4BED-9B6B-1AFC6D2A0B2B}.Debug|Any CPU.Build.0 = Debug|Any CPU
		{E924EA17-B9CF-4BED-9B6B-1AFC6D2A0B2B}.Debug|x64.ActiveCfg = Debug|Any CPU
		{E924EA17-B9CF-4BED-9B6B-1AFC6D2A0B2B}.Debug|x64.Build.0 = Debug|Any CPU
		{E924EA17-B9CF-4BED-9B6B-1AFC6D2A0B2B}.Debug|x86.ActiveCfg = Debug|Any CPU
		{E924EA17-B9CF-4BED-9B6B-1AFC6D2A0B2B}.Debug|x86.Build.0 = Debug|Any CPU
		{E924EA17-B9CF-4BED-9B6B-1AFC6D2A0B2B}.Release|Any CPU.ActiveCfg = Release|Any CPU
		{E924EA17-B9CF-4BED-9B6B-1AFC6D2A0B2B}.Release|Any CPU.Build.0 = Release|Any CPU
		{E924EA17-B9CF-4BED-9B6B-1AFC6D2A0B2B}.Release|x64.ActiveCfg = Release|Any CPU
		{E924EA17-B9CF-4BED-9B6B-1AFC6D2A0B2B}.Release|x64.Build.0 = Release|Any CPU
		{E924EA17-B9CF-4BED-9B6B-1AFC6D2A0B2B}.Release|x86.ActiveCfg = Release|Any CPU
		{E924EA17-B9CF-4BED-9B6B-1AFC6D2A0B2B}.Release|x86.Build.0 = Release|Any CPU
	EndGlobalSection
	GlobalSection(SolutionProperties) = preSolution
		HideSolutionNode = FALSE
	EndGlobalSection
	GlobalSection(ExtensibilityGlobals) = postSolution
		SolutionGuid = {F1F5226C-404F-47D9-8A7A-49FEDE2645C1}
	EndGlobalSection
EndGlobal
